
Microsoft Visual Studio Solution File, Format Version 12.00
# Visual Studio Version 17
VisualStudioVersion = 17.5.33414.496
MinimumVisualStudioVersion = 10.0.40219.1
Project("{2150E333-8FDC-42A3-9474-1A3956D46DE8}") = "Hosts", "Hosts", "{0CABCF93-5BF1-40B4-B13B-C2AE5F9C4677}"
EndProject
Project("{9A19103F-16F7-4668-BE54-9A1E7A4F7556}") = "Domain.Entities", "Domain\Domain.Entities\Domain.Entities.csproj", "{C0B92E89-C101-4627-86CD-07083F37973D}"
EndProject
Project("{2150E333-8FDC-42A3-9474-1A3956D46DE8}") = "Domain", "Domain", "{A575D44A-0621-422C-8B47-6A6EB21B3B2F}"
EndProject
Project("{2150E333-8FDC-42A3-9474-1A3956D46DE8}") = "Infrastructure", "Infrastructure", "{7FD17975-787F-497D-94B9-36DF7418F63E}"
EndProject
Project("{2150E333-8FDC-42A3-9474-1A3956D46DE8}") = "Services", "Services", "{BCA35298-6838-4B0D-A04B-3A787E99C03D}"
EndProject
Project("{9A19103F-16F7-4668-BE54-9A1E7A4F7556}") = "Infrastructure.EntityFramework", "Infrastructure\Infrastructure.EntityFramework\Infrastructure.EntityFramework.csproj", "{A06DCF61-FEE0-4387-84FB-BE3547D3B048}"
EndProject
Project("{9A19103F-16F7-4668-BE54-9A1E7A4F7556}") = "Services.Repositories.Abstractions", "Services\Services.Repositories.Abstractions\Services.Repositories.Abstractions.csproj", "{1D237097-76E8-4860-86EA-B26CBC09A49E}"
EndProject
Project("{9A19103F-16F7-4668-BE54-9A1E7A4F7556}") = "WebApp.Server", "Hosts\WebApp\Server\WebApp.Server.csproj", "{F1805590-4547-488C-AAAA-51B2D033EA41}"
EndProject
Project("{9A19103F-16F7-4668-BE54-9A1E7A4F7556}") = "WebApp.Client", "Hosts\WebApp\Client\WebApp.Client.csproj", "{79A0B944-CE3D-46F6-BEAD-E92EA33ADC7B}"
EndProject
Project("{9A19103F-16F7-4668-BE54-9A1E7A4F7556}") = "WebApp.Shared", "Hosts\WebApp\Shared\WebApp.Shared.csproj", "{C8F08371-5A49-48C2-92C4-2168F7BC56FF}"
EndProject
Global
	GlobalSection(SolutionConfigurationPlatforms) = preSolution
		Debug|Any CPU = Debug|Any CPU
		Release|Any CPU = Release|Any CPU
	EndGlobalSection
	GlobalSection(ProjectConfigurationPlatforms) = postSolution
		{C0B92E89-C101-4627-86CD-07083F37973D}.Debug|Any CPU.ActiveCfg = Debug|Any CPU
		{C0B92E89-C101-4627-86CD-07083F37973D}.Debug|Any CPU.Build.0 = Debug|Any CPU
		{C0B92E89-C101-4627-86CD-07083F37973D}.Release|Any CPU.ActiveCfg = Release|Any CPU
		{C0B92E89-C101-4627-86CD-07083F37973D}.Release|Any CPU.Build.0 = Release|Any CPU
		{A06DCF61-FEE0-4387-84FB-BE3547D3B048}.Debug|Any CPU.ActiveCfg = Debug|Any CPU
		{A06DCF61-FEE0-4387-84FB-BE3547D3B048}.Debug|Any CPU.Build.0 = Debug|Any CPU
		{A06DCF61-FEE0-4387-84FB-BE3547D3B048}.Release|Any CPU.ActiveCfg = Release|Any CPU
		{A06DCF61-FEE0-4387-84FB-BE3547D3B048}.Release|Any CPU.Build.0 = Release|Any CPU
		{1D237097-76E8-4860-86EA-B26CBC09A49E}.Debug|Any CPU.ActiveCfg = Debug|Any CPU
		{1D237097-76E8-4860-86EA-B26CBC09A49E}.Debug|Any CPU.Build.0 = Debug|Any CPU
		{1D237097-76E8-4860-86EA-B26CBC09A49E}.Release|Any CPU.ActiveCfg = Release|Any CPU
		{1D237097-76E8-4860-86EA-B26CBC09A49E}.Release|Any CPU.Build.0 = Release|Any CPU
		{F1805590-4547-488C-AAAA-51B2D033EA41}.Debug|Any CPU.ActiveCfg = Debug|Any CPU
		{F1805590-4547-488C-AAAA-51B2D033EA41}.Debug|Any CPU.Build.0 = Debug|Any CPU
		{F1805590-4547-488C-AAAA-51B2D033EA41}.Release|Any CPU.ActiveCfg = Release|Any CPU
		{F1805590-4547-488C-AAAA-51B2D033EA41}.Release|Any CPU.Build.0 = Release|Any CPU
		{79A0B944-CE3D-46F6-BEAD-E92EA33ADC7B}.Debug|Any CPU.ActiveCfg = Debug|Any CPU
		{79A0B944-CE3D-46F6-BEAD-E92EA33ADC7B}.Debug|Any CPU.Build.0 = Debug|Any CPU
		{79A0B944-CE3D-46F6-BEAD-E92EA33ADC7B}.Release|Any CPU.ActiveCfg = Release|Any CPU
		{79A0B944-CE3D-46F6-BEAD-E92EA33ADC7B}.Release|Any CPU.Build.0 = Release|Any CPU
		{C8F08371-5A49-48C2-92C4-2168F7BC56FF}.Debug|Any CPU.ActiveCfg = Debug|Any CPU
		{C8F08371-5A49-48C2-92C4-2168F7BC56FF}.Debug|Any CPU.Build.0 = Debug|Any CPU
		{C8F08371-5A49-48C2-92C4-2168F7BC56FF}.Release|Any CPU.ActiveCfg = Release|Any CPU
		{C8F08371-5A49-48C2-92C4-2168F7BC56FF}.Release|Any CPU.Build.0 = Release|Any CPU
	EndGlobalSection
	GlobalSection(SolutionProperties) = preSolution
		HideSolutionNode = FALSE
	EndGlobalSection
	GlobalSection(NestedProjects) = preSolution
		{C0B92E89-C101-4627-86CD-07083F37973D} = {A575D44A-0621-422C-8B47-6A6EB21B3B2F}
		{A06DCF61-FEE0-4387-84FB-BE3547D3B048} = {7FD17975-787F-497D-94B9-36DF7418F63E}
		{1D237097-76E8-4860-86EA-B26CBC09A49E} = {BCA35298-6838-4B0D-A04B-3A787E99C03D}
		{F1805590-4547-488C-AAAA-51B2D033EA41} = {0CABCF93-5BF1-40B4-B13B-C2AE5F9C4677}
		{79A0B944-CE3D-46F6-BEAD-E92EA33ADC7B} = {0CABCF93-5BF1-40B4-B13B-C2AE5F9C4677}
		{C8F08371-5A49-48C2-92C4-2168F7BC56FF} = {0CABCF93-5BF1-40B4-B13B-C2AE5F9C4677}
	EndGlobalSection
	GlobalSection(ExtensibilityGlobals) = postSolution
		SolutionGuid = {C4C1C5CF-ED52-4180-B776-3A96114AB5E1}
	EndGlobalSection
EndGlobal
