
Microsoft Visual Studio Solution File, Format Version 12.00
# Visual Studio Version 17
VisualStudioVersion = 17.5.33414.496
MinimumVisualStudioVersion = 10.0.40219.1
Project("{2150E333-8FDC-42A3-9474-1A3956D46DE8}") = "Hosts", "Hosts", "{0CABCF93-5BF1-40B4-B13B-C2AE5F9C4677}"
EndProject
Project("{9A19103F-16F7-4668-BE54-9A1E7A4F7556}") = "Domain.Entities", "Domain\Domain.Entities\Domain.Entities.csproj", "{C0B92E89-C101-4627-86CD-07083F37973D}"
EndProject
Project("{2150E333-8FDC-42A3-9474-1A3956D46DE8}") = "Domain", "Domain", "{A575D44A-0621-422C-8B47-6A6EB21B3B2F}"
EndProject
Project("{2150E333-8FDC-42A3-9474-1A3956D46DE8}") = "Infrastructure", "Infrastructure", "{7FD17975-787F-497D-94B9-36DF7418F63E}"
EndProject
Project("{2150E333-8FDC-42A3-9474-1A3956D46DE8}") = "Services", "Services", "{BCA35298-6838-4B0D-A04B-3A787E99C03D}"
EndProject
Project("{9A19103F-16F7-4668-BE54-9A1E7A4F7556}") = "Infrastructure.EntityFramework", "Infrastructure\Infrastructure.EntityFramework\Infrastructure.EntityFramework.csproj", "{A06DCF61-FEE0-4387-84FB-BE3547D3B048}"
EndProject
Project("{9A19103F-16F7-4668-BE54-9A1E7A4F7556}") = "Infrastructure.Repositories.Implementations", "Infrastructure\Infrastructure.Repositories.Implementations\Infrastructure.Repositories.Implementations.csproj", "{A55BC505-9806-41EE-A5EA-2E48B3F05375}"
EndProject
Project("{9A19103F-16F7-4668-BE54-9A1E7A4F7556}") = "Services.Repositories.Abstractions", "Services\Services.Repositories.Abstractions\Services.Repositories.Abstractions.csproj", "{1D237097-76E8-4860-86EA-B26CBC09A49E}"
EndProject
Project("{FAE04EC0-301F-11D3-BF4B-00C04F79EFBC}") = "WebApp.Server", "Hosts\WebApp\Server\WebApp.Server.csproj", "{D2695C59-561F-4D91-AB56-F311EBF33837}"
EndProject
Project("{FAE04EC0-301F-11D3-BF4B-00C04F79EFBC}") = "WebApp.Client", "Hosts\WebApp\Client\WebApp.Client.csproj", "{EAE55157-E700-4B91-B602-59334B561043}"
EndProject
Project("{FAE04EC0-301F-11D3-BF4B-00C04F79EFBC}") = "WebApp.Shared", "Hosts\WebApp\Shared\WebApp.Shared.csproj", "{21360E35-DD9D-4C65-94FB-6497D4624B18}"
EndProject
Global
	GlobalSection(SolutionConfigurationPlatforms) = preSolution
		Debug|Any CPU = Debug|Any CPU
		Release|Any CPU = Release|Any CPU
	EndGlobalSection
	GlobalSection(ProjectConfigurationPlatforms) = postSolution
		{C0B92E89-C101-4627-86CD-07083F37973D}.Debug|Any CPU.ActiveCfg = Debug|Any CPU
		{C0B92E89-C101-4627-86CD-07083F37973D}.Debug|Any CPU.Build.0 = Debug|Any CPU
		{C0B92E89-C101-4627-86CD-07083F37973D}.Release|Any CPU.ActiveCfg = Release|Any CPU
		{C0B92E89-C101-4627-86CD-07083F37973D}.Release|Any CPU.Build.0 = Release|Any CPU
		{A06DCF61-FEE0-4387-84FB-BE3547D3B048}.Debug|Any CPU.ActiveCfg = Debug|Any CPU
		{A06DCF61-FEE0-4387-84FB-BE3547D3B048}.Debug|Any CPU.Build.0 = Debug|Any CPU
		{A06DCF61-FEE0-4387-84FB-BE3547D3B048}.Release|Any CPU.ActiveCfg = Release|Any CPU
		{A06DCF61-FEE0-4387-84FB-BE3547D3B048}.Release|Any CPU.Build.0 = Release|Any CPU
		{A55BC505-9806-41EE-A5EA-2E48B3F05375}.Debug|Any CPU.ActiveCfg = Debug|Any CPU
		{A55BC505-9806-41EE-A5EA-2E48B3F05375}.Debug|Any CPU.Build.0 = Debug|Any CPU
		{A55BC505-9806-41EE-A5EA-2E48B3F05375}.Release|Any CPU.ActiveCfg = Release|Any CPU
		{A55BC505-9806-41EE-A5EA-2E48B3F05375}.Release|Any CPU.Build.0 = Release|Any CPU
		{1D237097-76E8-4860-86EA-B26CBC09A49E}.Debug|Any CPU.ActiveCfg = Debug|Any CPU
		{1D237097-76E8-4860-86EA-B26CBC09A49E}.Debug|Any CPU.Build.0 = Debug|Any CPU
		{1D237097-76E8-4860-86EA-B26CBC09A49E}.Release|Any CPU.ActiveCfg = Release|Any CPU
		{1D237097-76E8-4860-86EA-B26CBC09A49E}.Release|Any CPU.Build.0 = Release|Any CPU
		{D2695C59-561F-4D91-AB56-F311EBF33837}.Debug|Any CPU.ActiveCfg = Debug|Any CPU
		{D2695C59-561F-4D91-AB56-F311EBF33837}.Debug|Any CPU.Build.0 = Debug|Any CPU
		{D2695C59-561F-4D91-AB56-F311EBF33837}.Release|Any CPU.ActiveCfg = Release|Any CPU
		{D2695C59-561F-4D91-AB56-F311EBF33837}.Release|Any CPU.Build.0 = Release|Any CPU
		{EAE55157-E700-4B91-B602-59334B561043}.Debug|Any CPU.ActiveCfg = Debug|Any CPU
		{EAE55157-E700-4B91-B602-59334B561043}.Debug|Any CPU.Build.0 = Debug|Any CPU
		{EAE55157-E700-4B91-B602-59334B561043}.Release|Any CPU.ActiveCfg = Release|Any CPU
		{EAE55157-E700-4B91-B602-59334B561043}.Release|Any CPU.Build.0 = Release|Any CPU
		{21360E35-DD9D-4C65-94FB-6497D4624B18}.Debug|Any CPU.ActiveCfg = Debug|Any CPU
		{21360E35-DD9D-4C65-94FB-6497D4624B18}.Debug|Any CPU.Build.0 = Debug|Any CPU
		{21360E35-DD9D-4C65-94FB-6497D4624B18}.Release|Any CPU.ActiveCfg = Release|Any CPU
		{21360E35-DD9D-4C65-94FB-6497D4624B18}.Release|Any CPU.Build.0 = Release|Any CPU
	EndGlobalSection
	GlobalSection(SolutionProperties) = preSolution
		HideSolutionNode = FALSE
	EndGlobalSection
	GlobalSection(NestedProjects) = preSolution
		{C0B92E89-C101-4627-86CD-07083F37973D} = {A575D44A-0621-422C-8B47-6A6EB21B3B2F}
		{A06DCF61-FEE0-4387-84FB-BE3547D3B048} = {7FD17975-787F-497D-94B9-36DF7418F63E}
		{A55BC505-9806-41EE-A5EA-2E48B3F05375} = {7FD17975-787F-497D-94B9-36DF7418F63E}
		{1D237097-76E8-4860-86EA-B26CBC09A49E} = {BCA35298-6838-4B0D-A04B-3A787E99C03D}
		{D2695C59-561F-4D91-AB56-F311EBF33837} = {0CABCF93-5BF1-40B4-B13B-C2AE5F9C4677}
		{EAE55157-E700-4B91-B602-59334B561043} = {0CABCF93-5BF1-40B4-B13B-C2AE5F9C4677}
		{21360E35-DD9D-4C65-94FB-6497D4624B18} = {0CABCF93-5BF1-40B4-B13B-C2AE5F9C4677}
	EndGlobalSection
	GlobalSection(ExtensibilityGlobals) = postSolution
		SolutionGuid = {C4C1C5CF-ED52-4180-B776-3A96114AB5E1}
	EndGlobalSection
EndGlobal
